// !$*UTF8*$!
{
	archiveVersion = 1;
	classes = {
	};
	objectVersion = 46;
	objects = {

/* Begin PBXBuildFile section */
		D72666B31D9CB51B00431312 /* MaBeeeSDK.framework in Frameworks */ = {isa = PBXBuildFile; fileRef = D72666B21D9CB51B00431312 /* MaBeeeSDK.framework */; };
		D72666B41D9CB51B00431312 /* MaBeeeSDK.framework in Embed Frameworks */ = {isa = PBXBuildFile; fileRef = D72666B21D9CB51B00431312 /* MaBeeeSDK.framework */; settings = {ATTRIBUTES = (CodeSignOnCopy, RemoveHeadersOnCopy, ); }; };
		D76440821D9E5A9400FEF6CD /* README.md in Sources */ = {isa = PBXBuildFile; fileRef = D76440811D9E5A9400FEF6CD /* README.md */; };
		D7F59FE71D8ED77F00B4F708 /* AppDelegate.swift in Sources */ = {isa = PBXBuildFile; fileRef = D7F59FE61D8ED77F00B4F708 /* AppDelegate.swift */; };
		D7F59FE91D8ED77F00B4F708 /* ViewController.swift in Sources */ = {isa = PBXBuildFile; fileRef = D7F59FE81D8ED77F00B4F708 /* ViewController.swift */; };
		D7F59FEC1D8ED77F00B4F708 /* Main.storyboard in Resources */ = {isa = PBXBuildFile; fileRef = D7F59FEA1D8ED77F00B4F708 /* Main.storyboard */; };
		D7F59FEE1D8ED77F00B4F708 /* Assets.xcassets in Resources */ = {isa = PBXBuildFile; fileRef = D7F59FED1D8ED77F00B4F708 /* Assets.xcassets */; };
		D7F59FF11D8ED77F00B4F708 /* LaunchScreen.storyboard in Resources */ = {isa = PBXBuildFile; fileRef = D7F59FEF1D8ED77F00B4F708 /* LaunchScreen.storyboard */; };
/* End PBXBuildFile section */

/* Begin PBXCopyFilesBuildPhase section */
		D72666B51D9CB51B00431312 /* Embed Frameworks */ = {
			isa = PBXCopyFilesBuildPhase;
			buildActionMask = 2147483647;
			dstPath = "";
			dstSubfolderSpec = 10;
			files = (
				D72666B41D9CB51B00431312 /* MaBeeeSDK.framework in Embed Frameworks */,
			);
			name = "Embed Frameworks";
			runOnlyForDeploymentPostprocessing = 0;
		};
/* End PBXCopyFilesBuildPhase section */

/* Begin PBXFileReference section */
		D72666B21D9CB51B00431312 /* MaBeeeSDK.framework */ = {isa = PBXFileReference; lastKnownFileType = wrapper.framework; path = MaBeeeSDK.framework; sourceTree = "<group>"; };
		D76440811D9E5A9400FEF6CD /* README.md */ = {isa = PBXFileReference; fileEncoding = 4; lastKnownFileType = net.daringfireball.markdown; path = README.md; sourceTree = "<group>"; };
		D7F59FE31D8ED77F00B4F708 /* MaBeeeCar.app */ = {isa = PBXFileReference; explicitFileType = wrapper.application; includeInIndex = 0; path = MaBeeeCar.app; sourceTree = BUILT_PRODUCTS_DIR; };
		D7F59FE61D8ED77F00B4F708 /* AppDelegate.swift */ = {isa = PBXFileReference; lastKnownFileType = sourcecode.swift; path = AppDelegate.swift; sourceTree = "<group>"; };
		D7F59FE81D8ED77F00B4F708 /* ViewController.swift */ = {isa = PBXFileReference; lastKnownFileType = sourcecode.swift; path = ViewController.swift; sourceTree = "<group>"; };
		D7F59FEB1D8ED77F00B4F708 /* Base */ = {isa = PBXFileReference; lastKnownFileType = file.storyboard; name = Base; path = Base.lproj/Main.storyboard; sourceTree = "<group>"; };
		D7F59FED1D8ED77F00B4F708 /* Assets.xcassets */ = {isa = PBXFileReference; lastKnownFileType = folder.assetcatalog; path = Assets.xcassets; sourceTree = "<group>"; };
		D7F59FF01D8ED77F00B4F708 /* Base */ = {isa = PBXFileReference; lastKnownFileType = file.storyboard; name = Base; path = Base.lproj/LaunchScreen.storyboard; sourceTree = "<group>"; };
		D7F59FF21D8ED77F00B4F708 /* Info.plist */ = {isa = PBXFileReference; lastKnownFileType = text.plist.xml; path = Info.plist; sourceTree = "<group>"; };
/* End PBXFileReference section */

/* Begin PBXFrameworksBuildPhase section */
		D7F59FE01D8ED77F00B4F708 /* Frameworks */ = {
			isa = PBXFrameworksBuildPhase;
			buildActionMask = 2147483647;
			files = (
				D72666B31D9CB51B00431312 /* MaBeeeSDK.framework in Frameworks */,
			);
			runOnlyForDeploymentPostprocessing = 0;
		};
/* End PBXFrameworksBuildPhase section */

/* Begin PBXGroup section */
		D7F59FDA1D8ED77F00B4F708 = {
			isa = PBXGroup;
			children = (
				D76440811D9E5A9400FEF6CD /* README.md */,
				D72666B21D9CB51B00431312 /* MaBeeeSDK.framework */,
				D7F59FE51D8ED77F00B4F708 /* MaBeeeCar */,
				D7F59FE41D8ED77F00B4F708 /* Products */,
			);
			sourceTree = "<group>";
		};
		D7F59FE41D8ED77F00B4F708 /* Products */ = {
			isa = PBXGroup;
			children = (
				D7F59FE31D8ED77F00B4F708 /* MaBeeeCar.app */,
			);
			name = Products;
			sourceTree = "<group>";
		};
		D7F59FE51D8ED77F00B4F708 /* MaBeeeCar */ = {
			isa = PBXGroup;
			children = (
				D7F59FE61D8ED77F00B4F708 /* AppDelegate.swift */,
				D7F59FE81D8ED77F00B4F708 /* ViewController.swift */,
				D7F59FEA1D8ED77F00B4F708 /* Main.storyboard */,
				D7F59FED1D8ED77F00B4F708 /* Assets.xcassets */,
				D7F59FEF1D8ED77F00B4F708 /* LaunchScreen.storyboard */,
				D7F59FF21D8ED77F00B4F708 /* Info.plist */,
			);
			path = MaBeeeCar;
			sourceTree = "<group>";
		};
/* End PBXGroup section */

/* Begin PBXNativeTarget section */
		D7F59FE21D8ED77F00B4F708 /* MaBeeeCar */ = {
			isa = PBXNativeTarget;
			buildConfigurationList = D7F59FF51D8ED77F00B4F708 /* Build configuration list for PBXNativeTarget "MaBeeeCar" */;
			buildPhases = (
				D7F59FDF1D8ED77F00B4F708 /* Sources */,
				D7F59FE01D8ED77F00B4F708 /* Frameworks */,
				D7F59FE11D8ED77F00B4F708 /* Resources */,
				D72666B51D9CB51B00431312 /* Embed Frameworks */,
			);
			buildRules = (
			);
			dependencies = (
			);
			name = MaBeeeCar;
			productName = MaBeeeCar;
			productReference = D7F59FE31D8ED77F00B4F708 /* MaBeeeCar.app */;
			productType = "com.apple.product-type.application";
		};
/* End PBXNativeTarget section */

/* Begin PBXProject section */
		D7F59FDB1D8ED77F00B4F708 /* Project object */ = {
			isa = PBXProject;
			attributes = {
				LastSwiftUpdateCheck = 0800;
				LastUpgradeCheck = 0800;
				ORGANIZATIONNAME = umiryu;
				TargetAttributes = {
					D7F59FE21D8ED77F00B4F708 = {
						CreatedOnToolsVersion = 8.0;
						ProvisioningStyle = Automatic;
					};
				};
			};
			buildConfigurationList = D7F59FDE1D8ED77F00B4F708 /* Build configuration list for PBXProject "MaBeeeCar" */;
			compatibilityVersion = "Xcode 3.2";
			developmentRegion = English;
			hasScannedForEncodings = 0;
			knownRegions = (
				en,
				Base,
			);
			mainGroup = D7F59FDA1D8ED77F00B4F708;
			productRefGroup = D7F59FE41D8ED77F00B4F708 /* Products */;
			projectDirPath = "";
			projectRoot = "";
			targets = (
				D7F59FE21D8ED77F00B4F708 /* MaBeeeCar */,
			);
		};
/* End PBXProject section */

/* Begin PBXResourcesBuildPhase section */
		D7F59FE11D8ED77F00B4F708 /* Resources */ = {
			isa = PBXResourcesBuildPhase;
			buildActionMask = 2147483647;
			files = (
				D7F59FF11D8ED77F00B4F708 /* LaunchScreen.storyboard in Resources */,
				D7F59FEE1D8ED77F00B4F708 /* Assets.xcassets in Resources */,
				D7F59FEC1D8ED77F00B4F708 /* Main.storyboard in Resources */,
			);
			runOnlyForDeploymentPostprocessing = 0;
		};
/* End PBXResourcesBuildPhase section */

/* Begin PBXSourcesBuildPhase section */
		D7F59FDF1D8ED77F00B4F708 /* Sources */ = {
			isa = PBXSourcesBuildPhase;
			buildActionMask = 2147483647;
			files = (
				D76440821D9E5A9400FEF6CD /* README.md in Sources */,
				D7F59FE91D8ED77F00B4F708 /* ViewController.swift in Sources */,
				D7F59FE71D8ED77F00B4F708 /* AppDelegate.swift in Sources */,
			);
			runOnlyForDeploymentPostprocessing = 0;
		};
/* End PBXSourcesBuildPhase section */

/* Begin PBXVariantGroup section */
		D7F59FEA1D8ED77F00B4F708 /* Main.storyboard */ = {
			isa = PBXVariantGroup;
			children = (
				D7F59FEB1D8ED77F00B4F708 /* Base */,
			);
			name = Main.storyboard;
			sourceTree = "<group>";
		};
		D7F59FEF1D8ED77F00B4F708 /* LaunchScreen.storyboard */ = {
			isa = PBXVariantGroup;
			children = (
				D7F59FF01D8ED77F00B4F708 /* Base */,
			);
			name = LaunchScreen.storyboard;
			sourceTree = "<group>";
		};
/* End PBXVariantGroup section */

/* Begin XCBuildConfiguration section */
		D7F59FF31D8ED77F00B4F708 /* Debug */ = {
			isa = XCBuildConfiguration;
			buildSettings = {
				ALWAYS_SEARCH_USER_PATHS = NO;
				CLANG_ANALYZER_NONNULL = YES;
				CLANG_CXX_LANGUAGE_STANDARD = "gnu++0x";
				CLANG_CXX_LIBRARY = "libc++";
				CLANG_ENABLE_MODULES = YES;
				CLANG_ENABLE_OBJC_ARC = YES;
				CLANG_WARN_BOOL_CONVERSION = YES;
				CLANG_WARN_CONSTANT_CONVERSION = YES;
				CLANG_WARN_DIRECT_OBJC_ISA_USAGE = YES_ERROR;
				CLANG_WARN_DOCUMENTATION_COMMENTS = YES;
				CLANG_WARN_EMPTY_BODY = YES;
				CLANG_WARN_ENUM_CONVERSION = YES;
				CLANG_WARN_INFINITE_RECURSION = YES;
				CLANG_WARN_INT_CONVERSION = YES;
				CLANG_WARN_OBJC_ROOT_CLASS = YES_ERROR;
				CLANG_WARN_SUSPICIOUS_MOVES = YES;
				CLANG_WARN_UNREACHABLE_CODE = YES;
				CLANG_WARN__DUPLICATE_METHOD_MATCH = YES;
				"CODE_SIGN_IDENTITY[sdk=iphoneos*]" = "iPhone Developer";
				COPY_PHASE_STRIP = NO;
				DEBUG_INFORMATION_FORMAT = dwarf;
				ENABLE_STRICT_OBJC_MSGSEND = YES;
				ENABLE_TESTABILITY = YES;
				GCC_C_LANGUAGE_STANDARD = gnu99;
				GCC_DYNAMIC_NO_PIC = NO;
				GCC_NO_COMMON_BLOCKS = YES;
				GCC_OPTIMIZATION_LEVEL = 0;
				GCC_PREPROCESSOR_DEFINITIONS = (
					"DEBUG=1",
					"$(inherited)",
				);
				GCC_WARN_64_TO_32_BIT_CONVERSION = YES;
				GCC_WARN_ABOUT_RETURN_TYPE = YES_ERROR;
				GCC_WARN_UNDECLARED_SELECTOR = YES;
				GCC_WARN_UNINITIALIZED_AUTOS = YES_AGGRESSIVE;
				GCC_WARN_UNUSED_FUNCTION = YES;
				GCC_WARN_UNUSED_VARIABLE = YES;
				IPHONEOS_DEPLOYMENT_TARGET = 10.0;
				MTL_ENABLE_DEBUG_INFO = YES;
				ONLY_ACTIVE_ARCH = YES;
				SDKROOT = iphoneos;
				SWIFT_ACTIVE_COMPILATION_CONDITIONS = DEBUG;
				SWIFT_OPTIMIZATION_LEVEL = "-Onone";
				TARGETED_DEVICE_FAMILY = "1,2";
			};
			name = Debug;
		};
		D7F59FF41D8ED77F00B4F708 /* Release */ = {
			isa = XCBuildConfiguration;
			buildSettings = {
				ALWAYS_SEARCH_USER_PATHS = NO;
				CLANG_ANALYZER_NONNULL = YES;
				CLANG_CXX_LANGUAGE_STANDARD = "gnu++0x";
				CLANG_CXX_LIBRARY = "libc++";
				CLANG_ENABLE_MODULES = YES;
				CLANG_ENABLE_OBJC_ARC = YES;
				CLANG_WARN_BOOL_CONVERSION = YES;
				CLANG_WARN_CONSTANT_CONVERSION = YES;
				CLANG_WARN_DIRECT_OBJC_ISA_USAGE = YES_ERROR;
				CLANG_WARN_DOCUMENTATION_COMMENTS = YES;
				CLANG_WARN_EMPTY_BODY = YES;
				CLANG_WARN_ENUM_CONVERSION = YES;
				CLANG_WARN_INFINITE_RECURSION = YES;
				CLANG_WARN_INT_CONVERSION = YES;
				CLANG_WARN_OBJC_ROOT_CLASS = YES_ERROR;
				CLANG_WARN_SUSPICIOUS_MOVES = YES;
				CLANG_WARN_UNREACHABLE_CODE = YES;
				CLANG_WARN__DUPLICATE_METHOD_MATCH = YES;
				"CODE_SIGN_IDENTITY[sdk=iphoneos*]" = "iPhone Developer";
				COPY_PHASE_STRIP = NO;
				DEBUG_INFORMATION_FORMAT = "dwarf-with-dsym";
				ENABLE_NS_ASSERTIONS = NO;
				ENABLE_STRICT_OBJC_MSGSEND = YES;
				GCC_C_LANGUAGE_STANDARD = gnu99;
				GCC_NO_COMMON_BLOCKS = YES;
				GCC_WARN_64_TO_32_BIT_CONVERSION = YES;
				GCC_WARN_ABOUT_RETURN_TYPE = YES_ERROR;
				GCC_WARN_UNDECLARED_SELECTOR = YES;
				GCC_WARN_UNINITIALIZED_AUTOS = YES_AGGRESSIVE;
				GCC_WARN_UNUSED_FUNCTION = YES;
				GCC_WARN_UNUSED_VARIABLE = YES;
				IPHONEOS_DEPLOYMENT_TARGET = 10.0;
				MTL_ENABLE_DEBUG_INFO = NO;
				SDKROOT = iphoneos;
				SWIFT_OPTIMIZATION_LEVEL = "-Owholemodule";
				TARGETED_DEVICE_FAMILY = "1,2";
				VALIDATE_PRODUCT = YES;
			};
			name = Release;
		};
		D7F59FF61D8ED77F00B4F708 /* Debug */ = {
			isa = XCBuildConfiguration;
			buildSettings = {
				ASSETCATALOG_COMPILER_APPICON_NAME = AppIcon;
				DEVELOPMENT_TEAM = "";
				FRAMEWORK_SEARCH_PATHS = (
					"$(inherited)",
					"$(PROJECT_DIR)",
				);
				INFOPLIST_FILE = MaBeeeCar/Info.plist;
				LD_RUNPATH_SEARCH_PATHS = "$(inherited) @executable_path/Frameworks";
				PRODUCT_BUNDLE_IDENTIFIER = com.umiryu.MaBeeeCar;
				PRODUCT_NAME = "$(TARGET_NAME)";
				SWIFT_VERSION = 3.0;
			};
			name = Debug;
		};
		D7F59FF71D8ED77F00B4F708 /* Release */ = {
			isa = XCBuildConfiguration;
			buildSettings = {
				ASSETCATALOG_COMPILER_APPICON_NAME = AppIcon;
				DEVELOPMENT_TEAM = "";
				FRAMEWORK_SEARCH_PATHS = (
					"$(inherited)",
					"$(PROJECT_DIR)",
				);
				INFOPLIST_FILE = MaBeeeCar/Info.plist;
				LD_RUNPATH_SEARCH_PATHS = "$(inherited) @executable_path/Frameworks";
				PRODUCT_BUNDLE_IDENTIFIER = com.umiryu.MaBeeeCar;
				PRODUCT_NAME = "$(TARGET_NAME)";
				SWIFT_VERSION = 3.0;
			};
			name = Release;
		};
/* End XCBuildConfiguration section */

/* Begin XCConfigurationList section */
		D7F59FDE1D8ED77F00B4F708 /* Build configuration list for PBXProject "MaBeeeCar" */ = {
			isa = XCConfigurationList;
			buildConfigurations = (
				D7F59FF31D8ED77F00B4F708 /* Debug */,
				D7F59FF41D8ED77F00B4F708 /* Release */,
			);
			defaultConfigurationIsVisible = 0;
			defaultConfigurationName = Release;
		};
		D7F59FF51D8ED77F00B4F708 /* Build configuration list for PBXNativeTarget "MaBeeeCar" */ = {
			isa = XCConfigurationList;
			buildConfigurations = (
				D7F59FF61D8ED77F00B4F708 /* Debug */,
				D7F59FF71D8ED77F00B4F708 /* Release */,
			);
			defaultConfigurationIsVisible = 0;
			defaultConfigurationName = Release;
		};
/* End XCConfigurationList section */
	};
	rootObject = D7F59FDB1D8ED77F00B4F708 /* Project object */;
}
